// !$*UTF8*$!
{
	archiveVersion = 1;
	classes = {
	};
	objectVersion = 56;
	objects = {

/* Begin PBXBuildFile section */
		187D5ADE2B7E2BC2006DC19A /* NewPasswordViewController.swift in Sources */ = {isa = PBXBuildFile; fileRef = 187D5ADD2B7E2BC2006DC19A /* NewPasswordViewController.swift */; };
		189C09D12B767C31000D07A6 /* AppDelegate.swift in Sources */ = {isa = PBXBuildFile; fileRef = 189C09D02B767C31000D07A6 /* AppDelegate.swift */; };
		189C09D32B767C31000D07A6 /* SceneDelegate.swift in Sources */ = {isa = PBXBuildFile; fileRef = 189C09D22B767C31000D07A6 /* SceneDelegate.swift */; };
		189C09DA2B767C49000D07A6 /* Assets.xcassets in Resources */ = {isa = PBXBuildFile; fileRef = 189C09D92B767C49000D07A6 /* Assets.xcassets */; };
		189C09DD2B767C49000D07A6 /* LaunchScreen.storyboard in Resources */ = {isa = PBXBuildFile; fileRef = 189C09DB2B767C49000D07A6 /* LaunchScreen.storyboard */; };
		189C09E82B7775E7000D07A6 /* SignInViewController.swift in Sources */ = {isa = PBXBuildFile; fileRef = 189C09E72B7775E7000D07A6 /* SignInViewController.swift */; };
		189C09EA2B777A5A000D07A6 /* Colors.swift in Sources */ = {isa = PBXBuildFile; fileRef = 189C09E92B777A5A000D07A6 /* Colors.swift */; };
		189C09ED2B77823C000D07A6 /* Font.swift in Sources */ = {isa = PBXBuildFile; fileRef = 189C09EC2B77823C000D07A6 /* Font.swift */; };
		189C09F52B7B985C000D07A6 /* SuccesPage.swift in Sources */ = {isa = PBXBuildFile; fileRef = 189C09F42B7B985C000D07A6 /* SuccesPage.swift */; };
		189C09F92B7CD162000D07A6 /* SignUpViewController.swift in Sources */ = {isa = PBXBuildFile; fileRef = 189C09F82B7CD162000D07A6 /* SignUpViewController.swift */; };
		189C09FB2B7CD279000D07A6 /* MakerView.swift in Sources */ = {isa = PBXBuildFile; fileRef = 189C09FA2B7CD279000D07A6 /* MakerView.swift */; };
/* End PBXBuildFile section */

/* Begin PBXFileReference section */
		187D5ADD2B7E2BC2006DC19A /* NewPasswordViewController.swift */ = {isa = PBXFileReference; lastKnownFileType = sourcecode.swift; path = NewPasswordViewController.swift; sourceTree = "<group>"; };
		189C09CD2B767C31000D07A6 /* 4 month 1 lesson.app */ = {isa = PBXFileReference; explicitFileType = wrapper.application; includeInIndex = 0; path = "4 month 1 lesson.app"; sourceTree = BUILT_PRODUCTS_DIR; };
		189C09D02B767C31000D07A6 /* AppDelegate.swift */ = {isa = PBXFileReference; lastKnownFileType = sourcecode.swift; path = AppDelegate.swift; sourceTree = "<group>"; };
		189C09D22B767C31000D07A6 /* SceneDelegate.swift */ = {isa = PBXFileReference; lastKnownFileType = sourcecode.swift; path = SceneDelegate.swift; sourceTree = "<group>"; };
		189C09D92B767C49000D07A6 /* Assets.xcassets */ = {isa = PBXFileReference; lastKnownFileType = folder.assetcatalog; path = Assets.xcassets; sourceTree = "<group>"; };
		189C09DC2B767C49000D07A6 /* Base */ = {isa = PBXFileReference; lastKnownFileType = file.storyboard; name = Base; path = Base.lproj/LaunchScreen.storyboard; sourceTree = "<group>"; };
		189C09DE2B767C49000D07A6 /* Info.plist */ = {isa = PBXFileReference; lastKnownFileType = text.plist.xml; path = Info.plist; sourceTree = "<group>"; };
		189C09E72B7775E7000D07A6 /* SignInViewController.swift */ = {isa = PBXFileReference; lastKnownFileType = sourcecode.swift; path = SignInViewController.swift; sourceTree = "<group>"; };
		189C09E92B777A5A000D07A6 /* Colors.swift */ = {isa = PBXFileReference; lastKnownFileType = sourcecode.swift; path = Colors.swift; sourceTree = "<group>"; };
		189C09EC2B77823C000D07A6 /* Font.swift */ = {isa = PBXFileReference; lastKnownFileType = sourcecode.swift; path = Font.swift; sourceTree = "<group>"; };
		189C09EE2B7782A6000D07A6 /* Roboto-Regular.ttf */ = {isa = PBXFileReference; lastKnownFileType = file; name = "Roboto-Regular.ttf"; path = "../../../../Roboto/Roboto-Regular.ttf"; sourceTree = "<group>"; };
		189C09EF2B7782A6000D07A6 /* Roboto-Bold.ttf */ = {isa = PBXFileReference; lastKnownFileType = file; name = "Roboto-Bold.ttf"; path = "../../../../Roboto/Roboto-Bold.ttf"; sourceTree = "<group>"; };
		189C09F02B7782A6000D07A6 /* Roboto-Medium.ttf */ = {isa = PBXFileReference; lastKnownFileType = file; name = "Roboto-Medium.ttf"; path = "../../../../Roboto/Roboto-Medium.ttf"; sourceTree = "<group>"; };
		189C09F42B7B985C000D07A6 /* SuccesPage.swift */ = {isa = PBXFileReference; lastKnownFileType = sourcecode.swift; path = SuccesPage.swift; sourceTree = "<group>"; };
		189C09F82B7CD162000D07A6 /* SignUpViewController.swift */ = {isa = PBXFileReference; lastKnownFileType = sourcecode.swift; path = SignUpViewController.swift; sourceTree = "<group>"; };
		189C09FA2B7CD279000D07A6 /* MakerView.swift */ = {isa = PBXFileReference; lastKnownFileType = sourcecode.swift; path = MakerView.swift; sourceTree = "<group>"; };
/* End PBXFileReference section */

/* Begin PBXFrameworksBuildPhase section */
		189C09CA2B767C31000D07A6 /* Frameworks */ = {
			isa = PBXFrameworksBuildPhase;
			buildActionMask = 2147483647;
			files = (
			);
			runOnlyForDeploymentPostprocessing = 0;
		};
/* End PBXFrameworksBuildPhase section */

/* Begin PBXGroup section */
		189C09C42B767C31000D07A6 = {
			isa = PBXGroup;
			children = (
				189C09CF2B767C31000D07A6 /* 4 month 1 lesson */,
				189C09CE2B767C31000D07A6 /* Products */,
			);
			sourceTree = "<group>";
		};
		189C09CE2B767C31000D07A6 /* Products */ = {
			isa = PBXGroup;
			children = (
				189C09CD2B767C31000D07A6 /* 4 month 1 lesson.app */,
			);
			name = Products;
			sourceTree = "<group>";
		};
		189C09CF2B767C31000D07A6 /* 4 month 1 lesson */ = {
			isa = PBXGroup;
			children = (
				189C09E42B767C8F000D07A6 /* AppDelegete */,
				189C09E62B767CD0000D07A6 /* ViewControlers */,
				189C09E52B767CA9000D07A6 /* Resource */,
				189C09DE2B767C49000D07A6 /* Info.plist */,
			);
			path = "4 month 1 lesson";
			sourceTree = "<group>";
		};
		189C09E42B767C8F000D07A6 /* AppDelegete */ = {
			isa = PBXGroup;
			children = (
				189C09D02B767C31000D07A6 /* AppDelegate.swift */,
				189C09D22B767C31000D07A6 /* SceneDelegate.swift */,
				189C09FA2B7CD279000D07A6 /* MakerView.swift */,
			);
			path = AppDelegete;
			sourceTree = "<group>";
		};
		189C09E52B767CA9000D07A6 /* Resource */ = {
			isa = PBXGroup;
			children = (
				189C09E92B777A5A000D07A6 /* Colors.swift */,
				189C09EB2B778220000D07A6 /* Fonts */,
				189C09D92B767C49000D07A6 /* Assets.xcassets */,
				189C09DB2B767C49000D07A6 /* LaunchScreen.storyboard */,
			);
			path = Resource;
			sourceTree = "<group>";
		};
		189C09E62B767CD0000D07A6 /* ViewControlers */ = {
			isa = PBXGroup;
			children = (
				189C09E72B7775E7000D07A6 /* SignInViewController.swift */,
				189C09F42B7B985C000D07A6 /* SuccesPage.swift */,
				189C09F82B7CD162000D07A6 /* SignUpViewController.swift */,
				187D5ADD2B7E2BC2006DC19A /* NewPasswordViewController.swift */,
			);
			path = ViewControlers;
			sourceTree = "<group>";
		};
		189C09EB2B778220000D07A6 /* Fonts */ = {
			isa = PBXGroup;
			children = (
				189C09EF2B7782A6000D07A6 /* Roboto-Bold.ttf */,
				189C09F02B7782A6000D07A6 /* Roboto-Medium.ttf */,
				189C09EE2B7782A6000D07A6 /* Roboto-Regular.ttf */,
				189C09EC2B77823C000D07A6 /* Font.swift */,
			);
			path = Fonts;
			sourceTree = "<group>";
		};
/* End PBXGroup section */

/* Begin PBXNativeTarget section */
		189C09CC2B767C31000D07A6 /* 4 month 1 lesson */ = {
			isa = PBXNativeTarget;
			buildConfigurationList = 189C09E12B767C49000D07A6 /* Build configuration list for PBXNativeTarget "4 month 1 lesson" */;
			buildPhases = (
				189C09C92B767C31000D07A6 /* Sources */,
				189C09CA2B767C31000D07A6 /* Frameworks */,
				189C09CB2B767C31000D07A6 /* Resources */,
			);
			buildRules = (
			);
			dependencies = (
			);
			name = "4 month 1 lesson";
			productName = "4 month 1 lesson";
			productReference = 189C09CD2B767C31000D07A6 /* 4 month 1 lesson.app */;
			productType = "com.apple.product-type.application";
		};
/* End PBXNativeTarget section */

/* Begin PBXProject section */
		189C09C52B767C31000D07A6 /* Project object */ = {
			isa = PBXProject;
			attributes = {
				BuildIndependentTargetsInParallel = 1;
				LastSwiftUpdateCheck = 1500;
				LastUpgradeCheck = 1500;
				TargetAttributes = {
					189C09CC2B767C31000D07A6 = {
						CreatedOnToolsVersion = 15.0.1;
					};
				};
			};
			buildConfigurationList = 189C09C82B767C31000D07A6 /* Build configuration list for PBXProject "4 month 1 lesson" */;
			compatibilityVersion = "Xcode 14.0";
			developmentRegion = en;
			hasScannedForEncodings = 0;
			knownRegions = (
				en,
				Base,
			);
			mainGroup = 189C09C42B767C31000D07A6;
			productRefGroup = 189C09CE2B767C31000D07A6 /* Products */;
			projectDirPath = "";
			projectRoot = "";
			targets = (
				189C09CC2B767C31000D07A6 /* 4 month 1 lesson */,
			);
		};
/* End PBXProject section */

/* Begin PBXResourcesBuildPhase section */
		189C09CB2B767C31000D07A6 /* Resources */ = {
			isa = PBXResourcesBuildPhase;
			buildActionMask = 2147483647;
			files = (
				189C09DD2B767C49000D07A6 /* LaunchScreen.storyboard in Resources */,
				189C09DA2B767C49000D07A6 /* Assets.xcassets in Resources */,
			);
			runOnlyForDeploymentPostprocessing = 0;
		};
/* End PBXResourcesBuildPhase section */

/* Begin PBXSourcesBuildPhase section */
		189C09C92B767C31000D07A6 /* Sources */ = {
			isa = PBXSourcesBuildPhase;
			buildActionMask = 2147483647;
			files = (
				189C09E82B7775E7000D07A6 /* SignInViewController.swift in Sources */,
				189C09EA2B777A5A000D07A6 /* Colors.swift in Sources */,
				189C09F92B7CD162000D07A6 /* SignUpViewController.swift in Sources */,
				189C09ED2B77823C000D07A6 /* Font.swift in Sources */,
				189C09FB2B7CD279000D07A6 /* MakerView.swift in Sources */,
				189C09D12B767C31000D07A6 /* AppDelegate.swift in Sources */,
				189C09F52B7B985C000D07A6 /* SuccesPage.swift in Sources */,
				189C09D32B767C31000D07A6 /* SceneDelegate.swift in Sources */,
				187D5ADE2B7E2BC2006DC19A /* NewPasswordViewController.swift in Sources */,
			);
			runOnlyForDeploymentPostprocessing = 0;
		};
/* End PBXSourcesBuildPhase section */

/* Begin PBXVariantGroup section */
		189C09DB2B767C49000D07A6 /* LaunchScreen.storyboard */ = {
			isa = PBXVariantGroup;
			children = (
				189C09DC2B767C49000D07A6 /* Base */,
			);
			name = LaunchScreen.storyboard;
			sourceTree = "<group>";
		};
/* End PBXVariantGroup section */

/* Begin XCBuildConfiguration section */
		189C09DF2B767C49000D07A6 /* Debug */ = {
			isa = XCBuildConfiguration;
			buildSettings = {
				ALWAYS_SEARCH_USER_PATHS = NO;
				ASSETCATALOG_COMPILER_GENERATE_SWIFT_ASSET_SYMBOL_EXTENSIONS = YES;
				CLANG_ANALYZER_NONNULL = YES;
				CLANG_ANALYZER_NUMBER_OBJECT_CONVERSION = YES_AGGRESSIVE;
				CLANG_CXX_LANGUAGE_STANDARD = "gnu++20";
				CLANG_ENABLE_MODULES = YES;
				CLANG_ENABLE_OBJC_ARC = YES;
				CLANG_ENABLE_OBJC_WEAK = YES;
				CLANG_WARN_BLOCK_CAPTURE_AUTORELEASING = YES;
				CLANG_WARN_BOOL_CONVERSION = YES;
				CLANG_WARN_COMMA = YES;
				CLANG_WARN_CONSTANT_CONVERSION = YES;
				CLANG_WARN_DEPRECATED_OBJC_IMPLEMENTATIONS = YES;
				CLANG_WARN_DIRECT_OBJC_ISA_USAGE = YES_ERROR;
				CLANG_WARN_DOCUMENTATION_COMMENTS = YES;
				CLANG_WARN_EMPTY_BODY = YES;
				CLANG_WARN_ENUM_CONVERSION = YES;
				CLANG_WARN_INFINITE_RECURSION = YES;
				CLANG_WARN_INT_CONVERSION = YES;
				CLANG_WARN_NON_LITERAL_NULL_CONVERSION = YES;
				CLANG_WARN_OBJC_IMPLICIT_RETAIN_SELF = YES;
				CLANG_WARN_OBJC_LITERAL_CONVERSION = YES;
				CLANG_WARN_OBJC_ROOT_CLASS = YES_ERROR;
				CLANG_WARN_QUOTED_INCLUDE_IN_FRAMEWORK_HEADER = YES;
				CLANG_WARN_RANGE_LOOP_ANALYSIS = YES;
				CLANG_WARN_STRICT_PROTOTYPES = YES;
				CLANG_WARN_SUSPICIOUS_MOVE = YES;
				CLANG_WARN_UNGUARDED_AVAILABILITY = YES_AGGRESSIVE;
				CLANG_WARN_UNREACHABLE_CODE = YES;
				CLANG_WARN__DUPLICATE_METHOD_MATCH = YES;
				COPY_PHASE_STRIP = NO;
				DEBUG_INFORMATION_FORMAT = dwarf;
				ENABLE_STRICT_OBJC_MSGSEND = YES;
				ENABLE_TESTABILITY = YES;
				ENABLE_USER_SCRIPT_SANDBOXING = YES;
				GCC_C_LANGUAGE_STANDARD = gnu17;
				GCC_DYNAMIC_NO_PIC = NO;
				GCC_NO_COMMON_BLOCKS = YES;
				GCC_OPTIMIZATION_LEVEL = 0;
				GCC_PREPROCESSOR_DEFINITIONS = (
					"DEBUG=1",
					"$(inherited)",
				);
				GCC_WARN_64_TO_32_BIT_CONVERSION = YES;
				GCC_WARN_ABOUT_RETURN_TYPE = YES_ERROR;
				GCC_WARN_UNDECLARED_SELECTOR = YES;
				GCC_WARN_UNINITIALIZED_AUTOS = YES_AGGRESSIVE;
				GCC_WARN_UNUSED_FUNCTION = YES;
				GCC_WARN_UNUSED_VARIABLE = YES;
				IPHONEOS_DEPLOYMENT_TARGET = 15.0;
				LOCALIZATION_PREFERS_STRING_CATALOGS = YES;
				MTL_ENABLE_DEBUG_INFO = INCLUDE_SOURCE;
				MTL_FAST_MATH = YES;
				ONLY_ACTIVE_ARCH = YES;
				SDKROOT = iphoneos;
				SWIFT_ACTIVE_COMPILATION_CONDITIONS = "DEBUG $(inherited)";
				SWIFT_OPTIMIZATION_LEVEL = "-Onone";
			};
			name = Debug;
		};
		189C09E02B767C49000D07A6 /* Release */ = {
			isa = XCBuildConfiguration;
			buildSettings = {
				ALWAYS_SEARCH_USER_PATHS = NO;
				ASSETCATALOG_COMPILER_GENERATE_SWIFT_ASSET_SYMBOL_EXTENSIONS = YES;
				CLANG_ANALYZER_NONNULL = YES;
				CLANG_ANALYZER_NUMBER_OBJECT_CONVERSION = YES_AGGRESSIVE;
				CLANG_CXX_LANGUAGE_STANDARD = "gnu++20";
				CLANG_ENABLE_MODULES = YES;
				CLANG_ENABLE_OBJC_ARC = YES;
				CLANG_ENABLE_OBJC_WEAK = YES;
				CLANG_WARN_BLOCK_CAPTURE_AUTORELEASING = YES;
				CLANG_WARN_BOOL_CONVERSION = YES;
				CLANG_WARN_COMMA = YES;
				CLANG_WARN_CONSTANT_CONVERSION = YES;
				CLANG_WARN_DEPRECATED_OBJC_IMPLEMENTATIONS = YES;
				CLANG_WARN_DIRECT_OBJC_ISA_USAGE = YES_ERROR;
				CLANG_WARN_DOCUMENTATION_COMMENTS = YES;
				CLANG_WARN_EMPTY_BODY = YES;
				CLANG_WARN_ENUM_CONVERSION = YES;
				CLANG_WARN_INFINITE_RECURSION = YES;
				CLANG_WARN_INT_CONVERSION = YES;
				CLANG_WARN_NON_LITERAL_NULL_CONVERSION = YES;
				CLANG_WARN_OBJC_IMPLICIT_RETAIN_SELF = YES;
				CLANG_WARN_OBJC_LITERAL_CONVERSION = YES;
				CLANG_WARN_OBJC_ROOT_CLASS = YES_ERROR;
				CLANG_WARN_QUOTED_INCLUDE_IN_FRAMEWORK_HEADER = YES;
				CLANG_WARN_RANGE_LOOP_ANALYSIS = YES;
				CLANG_WARN_STRICT_PROTOTYPES = YES;
				CLANG_WARN_SUSPICIOUS_MOVE = YES;
				CLANG_WARN_UNGUARDED_AVAILABILITY = YES_AGGRESSIVE;
				CLANG_WARN_UNREACHABLE_CODE = YES;
				CLANG_WARN__DUPLICATE_METHOD_MATCH = YES;
				COPY_PHASE_STRIP = NO;
				DEBUG_INFORMATION_FORMAT = "dwarf-with-dsym";
				ENABLE_NS_ASSERTIONS = NO;
				ENABLE_STRICT_OBJC_MSGSEND = YES;
				ENABLE_USER_SCRIPT_SANDBOXING = YES;
				GCC_C_LANGUAGE_STANDARD = gnu17;
				GCC_NO_COMMON_BLOCKS = YES;
				GCC_WARN_64_TO_32_BIT_CONVERSION = YES;
				GCC_WARN_ABOUT_RETURN_TYPE = YES_ERROR;
				GCC_WARN_UNDECLARED_SELECTOR = YES;
				GCC_WARN_UNINITIALIZED_AUTOS = YES_AGGRESSIVE;
				GCC_WARN_UNUSED_FUNCTION = YES;
				GCC_WARN_UNUSED_VARIABLE = YES;
				IPHONEOS_DEPLOYMENT_TARGET = 15.0;
				LOCALIZATION_PREFERS_STRING_CATALOGS = YES;
				MTL_ENABLE_DEBUG_INFO = NO;
				MTL_FAST_MATH = YES;
				SDKROOT = iphoneos;
				SWIFT_COMPILATION_MODE = wholemodule;
				VALIDATE_PRODUCT = YES;
			};
			name = Release;
		};
		189C09E22B767C49000D07A6 /* Debug */ = {
			isa = XCBuildConfiguration;
			buildSettings = {
				ASSETCATALOG_COMPILER_APPICON_NAME = AppIcon;
				ASSETCATALOG_COMPILER_GLOBAL_ACCENT_COLOR_NAME = AccentColor;
				CODE_SIGN_STYLE = Automatic;
				CURRENT_PROJECT_VERSION = 1;
				GENERATE_INFOPLIST_FILE = YES;
				INFOPLIST_FILE = "4 month 1 lesson/Info.plist";
				INFOPLIST_KEY_UILaunchStoryboardName = LaunchScreen;
				INFOPLIST_KEY_UISupportedInterfaceOrientations_iPad = "UIInterfaceOrientationPortrait UIInterfaceOrientationPortraitUpsideDown UIInterfaceOrientationLandscapeLeft UIInterfaceOrientationLandscapeRight";
				INFOPLIST_KEY_UISupportedInterfaceOrientations_iPhone = "UIInterfaceOrientationPortrait UIInterfaceOrientationLandscapeLeft UIInterfaceOrientationLandscapeRight";
				LD_RUNPATH_SEARCH_PATHS = (
					"$(inherited)",
					"@executable_path/Frameworks",
				);
				MARKETING_VERSION = 1.0;
				PRODUCT_BUNDLE_IDENTIFIER = "omurbekov.--month-1-lesson";
				PRODUCT_NAME = "$(TARGET_NAME)";
				SWIFT_EMIT_LOC_STRINGS = YES;
				SWIFT_VERSION = 5.0;
				TARGETED_DEVICE_FAMILY = "1,2";
			};
			name = Debug;
		};
		189C09E32B767C49000D07A6 /* Release */ = {
			isa = XCBuildConfiguration;
			buildSettings = {
				ASSETCATALOG_COMPILER_APPICON_NAME = AppIcon;
				ASSETCATALOG_COMPILER_GLOBAL_ACCENT_COLOR_NAME = AccentColor;
				CODE_SIGN_STYLE = Automatic;
				CURRENT_PROJECT_VERSION = 1;
				GENERATE_INFOPLIST_FILE = YES;
				INFOPLIST_FILE = "4 month 1 lesson/Info.plist";
				INFOPLIST_KEY_UILaunchStoryboardName = LaunchScreen;
				INFOPLIST_KEY_UISupportedInterfaceOrientations_iPad = "UIInterfaceOrientationPortrait UIInterfaceOrientationPortraitUpsideDown UIInterfaceOrientationLandscapeLeft UIInterfaceOrientationLandscapeRight";
				INFOPLIST_KEY_UISupportedInterfaceOrientations_iPhone = "UIInterfaceOrientationPortrait UIInterfaceOrientationLandscapeLeft UIInterfaceOrientationLandscapeRight";
				LD_RUNPATH_SEARCH_PATHS = (
					"$(inherited)",
					"@executable_path/Frameworks",
				);
				MARKETING_VERSION = 1.0;
				PRODUCT_BUNDLE_IDENTIFIER = "omurbekov.--month-1-lesson";
				PRODUCT_NAME = "$(TARGET_NAME)";
				SWIFT_EMIT_LOC_STRINGS = YES;
				SWIFT_VERSION = 5.0;
				TARGETED_DEVICE_FAMILY = "1,2";
			};
			name = Release;
		};
/* End XCBuildConfiguration section */

/* Begin XCConfigurationList section */
		189C09C82B767C31000D07A6 /* Build configuration list for PBXProject "4 month 1 lesson" */ = {
			isa = XCConfigurationList;
			buildConfigurations = (
				189C09DF2B767C49000D07A6 /* Debug */,
				189C09E02B767C49000D07A6 /* Release */,
			);
			defaultConfigurationIsVisible = 0;
			defaultConfigurationName = Release;
		};
		189C09E12B767C49000D07A6 /* Build configuration list for PBXNativeTarget "4 month 1 lesson" */ = {
			isa = XCConfigurationList;
			buildConfigurations = (
				189C09E22B767C49000D07A6 /* Debug */,
				189C09E32B767C49000D07A6 /* Release */,
			);
			defaultConfigurationIsVisible = 0;
			defaultConfigurationName = Release;
		};
/* End XCConfigurationList section */
	};
	rootObject = 189C09C52B767C31000D07A6 /* Project object */;
}
